
Microsoft Visual Studio Solution File, Format Version 12.00
# Visual Studio Version 16
VisualStudioVersion = 16.0.30413.136
MinimumVisualStudioVersion = 10.0.40219.1
Project("{FAE04EC0-301F-11D3-BF4B-00C04F79EFBC}") = "Dan_LVIII_Milos_Peric", "Dan_LVIII_Milos_Peric\Dan_LVIII_Milos_Peric.csproj", "{C85B8A53-2F52-491C-BA30-3D2EFBF7DCEB}"
EndProject
Global
	GlobalSection(SolutionConfigurationPlatforms) = preSolution
		Debug|Any CPU = Debug|Any CPU
		Release|Any CPU = Release|Any CPU
	EndGlobalSection
	GlobalSection(ProjectConfigurationPlatforms) = postSolution
		{C85B8A53-2F52-491C-BA30-3D2EFBF7DCEB}.Debug|Any CPU.ActiveCfg = Debug|Any CPU
		{C85B8A53-2F52-491C-BA30-3D2EFBF7DCEB}.Debug|Any CPU.Build.0 = Debug|Any CPU
		{C85B8A53-2F52-491C-BA30-3D2EFBF7DCEB}.Release|Any CPU.ActiveCfg = Release|Any CPU
		{C85B8A53-2F52-491C-BA30-3D2EFBF7DCEB}.Release|Any CPU.Build.0 = Release|Any CPU
	EndGlobalSection
	GlobalSection(SolutionProperties) = preSolution
		HideSolutionNode = FALSE
	EndGlobalSection
	GlobalSection(ExtensibilityGlobals) = postSolution
		SolutionGuid = {5545BE1F-0C61-489F-91D3-B81751C89CA7}
	EndGlobalSection
EndGlobal
